
Microsoft Visual Studio Solution File, Format Version 11.00
# Visual Studio 2010
Project("{FAE04EC0-301F-11D3-BF4B-00C04F79EFBC}") = "PPE_MISSION_2_MAISON_DES_LIGUES", "PPE_MISSION_2_MAISON_DES_LIGUES\PPE_MISSION_2_MAISON_DES_LIGUES.csproj", "{457E28E1-8E4C-499B-B670-A9B98492D3A1}"
EndProject
Project("{FAE04EC0-301F-11D3-BF4B-00C04F79EFBC}") = "TestProject1", "TestProject1\TestProject1.csproj", "{D1BFF9C4-0C8D-492D-9E7B-AF262ACEF843}"
EndProject
Project("{2150E333-8FDC-42A3-9474-1A3956D46DE8}") = "Solution Items", "Solution Items", "{40A782DB-D475-4DE1-975E-8A8EAC757E57}"
	ProjectSection(SolutionItems) = preProject
		Local.testsettings = Local.testsettings
		PPE_MISSION_2_MAISON_DES_LIGUES.vsmdi = PPE_MISSION_2_MAISON_DES_LIGUES.vsmdi
		TraceAndTestImpact.testsettings = TraceAndTestImpact.testsettings
	EndProjectSection
EndProject
Global
	GlobalSection(TestCaseManagementSettings) = postSolution
		CategoryFile = PPE_MISSION_2_MAISON_DES_LIGUES.vsmdi
	EndGlobalSection
	GlobalSection(SolutionConfigurationPlatforms) = preSolution
		Debug|Any CPU = Debug|Any CPU
		Debug|Mixed Platforms = Debug|Mixed Platforms
		Debug|x86 = Debug|x86
		Release|Any CPU = Release|Any CPU
		Release|Mixed Platforms = Release|Mixed Platforms
		Release|x86 = Release|x86
	EndGlobalSection
	GlobalSection(ProjectConfigurationPlatforms) = postSolution
		{457E28E1-8E4C-499B-B670-A9B98492D3A1}.Debug|Any CPU.ActiveCfg = Debug|x86
		{457E28E1-8E4C-499B-B670-A9B98492D3A1}.Debug|Mixed Platforms.ActiveCfg = Debug|x86
		{457E28E1-8E4C-499B-B670-A9B98492D3A1}.Debug|Mixed Platforms.Build.0 = Debug|x86
		{457E28E1-8E4C-499B-B670-A9B98492D3A1}.Debug|x86.ActiveCfg = Debug|x86
		{457E28E1-8E4C-499B-B670-A9B98492D3A1}.Debug|x86.Build.0 = Debug|x86
		{457E28E1-8E4C-499B-B670-A9B98492D3A1}.Release|Any CPU.ActiveCfg = Release|x86
		{457E28E1-8E4C-499B-B670-A9B98492D3A1}.Release|Mixed Platforms.ActiveCfg = Release|x86
		{457E28E1-8E4C-499B-B670-A9B98492D3A1}.Release|Mixed Platforms.Build.0 = Release|x86
		{457E28E1-8E4C-499B-B670-A9B98492D3A1}.Release|x86.ActiveCfg = Release|x86
		{457E28E1-8E4C-499B-B670-A9B98492D3A1}.Release|x86.Build.0 = Release|x86
		{D1BFF9C4-0C8D-492D-9E7B-AF262ACEF843}.Debug|Any CPU.ActiveCfg = Debug|Any CPU
		{D1BFF9C4-0C8D-492D-9E7B-AF262ACEF843}.Debug|Any CPU.Build.0 = Debug|Any CPU
		{D1BFF9C4-0C8D-492D-9E7B-AF262ACEF843}.Debug|Mixed Platforms.ActiveCfg = Debug|Any CPU
		{D1BFF9C4-0C8D-492D-9E7B-AF262ACEF843}.Debug|Mixed Platforms.Build.0 = Debug|Any CPU
		{D1BFF9C4-0C8D-492D-9E7B-AF262ACEF843}.Debug|x86.ActiveCfg = Debug|Any CPU
		{D1BFF9C4-0C8D-492D-9E7B-AF262ACEF843}.Release|Any CPU.ActiveCfg = Release|Any CPU
		{D1BFF9C4-0C8D-492D-9E7B-AF262ACEF843}.Release|Any CPU.Build.0 = Release|Any CPU
		{D1BFF9C4-0C8D-492D-9E7B-AF262ACEF843}.Release|Mixed Platforms.ActiveCfg = Release|Any CPU
		{D1BFF9C4-0C8D-492D-9E7B-AF262ACEF843}.Release|Mixed Platforms.Build.0 = Release|Any CPU
		{D1BFF9C4-0C8D-492D-9E7B-AF262ACEF843}.Release|x86.ActiveCfg = Release|Any CPU
	EndGlobalSection
	GlobalSection(SolutionProperties) = preSolution
		HideSolutionNode = FALSE
	EndGlobalSection
EndGlobal
